
Microsoft Visual Studio Solution File, Format Version 12.00
# Visual Studio Version 17
VisualStudioVersion = 17.5.33424.131
MinimumVisualStudioVersion = 10.0.40219.1
Project("{FAE04EC0-301F-11D3-BF4B-00C04F79EFBC}") = "9", "9\9.csproj", "{F87F403E-14B6-46CC-A0F8-B662E6320B35}"
EndProject
Global
	GlobalSection(SolutionConfigurationPlatforms) = preSolution
		Debug|Any CPU = Debug|Any CPU
		Release|Any CPU = Release|Any CPU
	EndGlobalSection
	GlobalSection(ProjectConfigurationPlatforms) = postSolution
		{F87F403E-14B6-46CC-A0F8-B662E6320B35}.Debug|Any CPU.ActiveCfg = Debug|Any CPU
		{F87F403E-14B6-46CC-A0F8-B662E6320B35}.Debug|Any CPU.Build.0 = Debug|Any CPU
		{F87F403E-14B6-46CC-A0F8-B662E6320B35}.Release|Any CPU.ActiveCfg = Release|Any CPU
		{F87F403E-14B6-46CC-A0F8-B662E6320B35}.Release|Any CPU.Build.0 = Release|Any CPU
	EndGlobalSection
	GlobalSection(SolutionProperties) = preSolution
		HideSolutionNode = FALSE
	EndGlobalSection
	GlobalSection(ExtensibilityGlobals) = postSolution
		SolutionGuid = {4966C3BE-4D92-4BAC-8997-69A9B2764794}
	EndGlobalSection
EndGlobal
